
Microsoft Visual Studio Solution File, Format Version 12.00
# Visual Studio 15
VisualStudioVersion = 15.0.27130.2020
MinimumVisualStudioVersion = 10.0.40219.1
Project("{FAE04EC0-301F-11D3-BF4B-00C04F79EFBC}") = "ReactiveTracker.Fody", "ReactiveTracker.Fody\ReactiveTracker.Fody.csproj", "{F30C98FA-38FA-4B04-B6DA-3D1FC9B62DAB}"
EndProject
Project("{FAE04EC0-301F-11D3-BF4B-00C04F79EFBC}") = "ReactiveTracker", "ReactiveTracker\ReactiveTracker.csproj", "{E548ECF7-CFD3-4D44-A8D6-7617970AFE8D}"
EndProject
Global
	GlobalSection(SolutionConfigurationPlatforms) = preSolution
		Debug|Any CPU = Debug|Any CPU
		Release|Any CPU = Release|Any CPU
	EndGlobalSection
	GlobalSection(ProjectConfigurationPlatforms) = postSolution
		{F30C98FA-38FA-4B04-B6DA-3D1FC9B62DAB}.Debug|Any CPU.ActiveCfg = Debug|Any CPU
		{F30C98FA-38FA-4B04-B6DA-3D1FC9B62DAB}.Debug|Any CPU.Build.0 = Debug|Any CPU
		{F30C98FA-38FA-4B04-B6DA-3D1FC9B62DAB}.Release|Any CPU.ActiveCfg = Release|Any CPU
		{F30C98FA-38FA-4B04-B6DA-3D1FC9B62DAB}.Release|Any CPU.Build.0 = Release|Any CPU
		{E548ECF7-CFD3-4D44-A8D6-7617970AFE8D}.Debug|Any CPU.ActiveCfg = Debug|Any CPU
		{E548ECF7-CFD3-4D44-A8D6-7617970AFE8D}.Debug|Any CPU.Build.0 = Debug|Any CPU
		{E548ECF7-CFD3-4D44-A8D6-7617970AFE8D}.Release|Any CPU.ActiveCfg = Release|Any CPU
		{E548ECF7-CFD3-4D44-A8D6-7617970AFE8D}.Release|Any CPU.Build.0 = Release|Any CPU
	EndGlobalSection
	GlobalSection(SolutionProperties) = preSolution
		HideSolutionNode = FALSE
	EndGlobalSection
	GlobalSection(ExtensibilityGlobals) = postSolution
		SolutionGuid = {04D29F8A-698A-48C9-A936-EB50F792CF39}
	EndGlobalSection
EndGlobal
