
Microsoft Visual Studio Solution File, Format Version 12.00
# Visual Studio 15
VisualStudioVersion = 15.0.27130.2010
MinimumVisualStudioVersion = 10.0.40219.1
Project("{FAE04EC0-301F-11D3-BF4B-00C04F79EFBC}") = "SampleXFormApp.Android", "SampleXFormApp\SampleXFormApp.Android\SampleXFormApp.Android.csproj", "{05A35CD7-DD38-4962-BF84-D132E4B90254}"
EndProject
Project("{FAE04EC0-301F-11D3-BF4B-00C04F79EFBC}") = "SampleXFormApp.iOS", "SampleXFormApp\SampleXFormApp.iOS\SampleXFormApp.iOS.csproj", "{F194C06B-7D77-4DFA-8543-A58FD66C4ABB}"
EndProject
Project("{FAE04EC0-301F-11D3-BF4B-00C04F79EFBC}") = "SampleXFormApp.UWP", "SampleXFormApp\SampleXFormApp.UWP\SampleXFormApp.UWP.csproj", "{D00823F4-F2E5-40DC-8E49-A25413039550}"
EndProject
Project("{FAE04EC0-301F-11D3-BF4B-00C04F79EFBC}") = "SampleXFormApp", "SampleXFormApp\SampleXFormApp\SampleXFormApp.csproj", "{E33809AA-8242-473D-894F-8748A963D51B}"
EndProject
Global
	GlobalSection(SolutionConfigurationPlatforms) = preSolution
		Ad-Hoc|Any CPU = Ad-Hoc|Any CPU
		Ad-Hoc|ARM = Ad-Hoc|ARM
		Ad-Hoc|iPhone = Ad-Hoc|iPhone
		Ad-Hoc|iPhoneSimulator = Ad-Hoc|iPhoneSimulator
		Ad-Hoc|x64 = Ad-Hoc|x64
		Ad-Hoc|x86 = Ad-Hoc|x86
		AppStore|Any CPU = AppStore|Any CPU
		AppStore|ARM = AppStore|ARM
		AppStore|iPhone = AppStore|iPhone
		AppStore|iPhoneSimulator = AppStore|iPhoneSimulator
		AppStore|x64 = AppStore|x64
		AppStore|x86 = AppStore|x86
		Debug|Any CPU = Debug|Any CPU
		Debug|ARM = Debug|ARM
		Debug|iPhone = Debug|iPhone
		Debug|iPhoneSimulator = Debug|iPhoneSimulator
		Debug|x64 = Debug|x64
		Debug|x86 = Debug|x86
		Release|Any CPU = Release|Any CPU
		Release|ARM = Release|ARM
		Release|iPhone = Release|iPhone
		Release|iPhoneSimulator = Release|iPhoneSimulator
		Release|x64 = Release|x64
		Release|x86 = Release|x86
	EndGlobalSection
	GlobalSection(ProjectConfigurationPlatforms) = postSolution
		{05A35CD7-DD38-4962-BF84-D132E4B90254}.Ad-Hoc|Any CPU.ActiveCfg = Release|Any CPU
		{05A35CD7-DD38-4962-BF84-D132E4B90254}.Ad-Hoc|Any CPU.Build.0 = Release|Any CPU
		{05A35CD7-DD38-4962-BF84-D132E4B90254}.Ad-Hoc|Any CPU.Deploy.0 = Release|Any CPU
		{05A35CD7-DD38-4962-BF84-D132E4B90254}.Ad-Hoc|ARM.ActiveCfg = Release|Any CPU
		{05A35CD7-DD38-4962-BF84-D132E4B90254}.Ad-Hoc|ARM.Build.0 = Release|Any CPU
		{05A35CD7-DD38-4962-BF84-D132E4B90254}.Ad-Hoc|ARM.Deploy.0 = Release|Any CPU
		{05A35CD7-DD38-4962-BF84-D132E4B90254}.Ad-Hoc|iPhone.ActiveCfg = Release|Any CPU
		{05A35CD7-DD38-4962-BF84-D132E4B90254}.Ad-Hoc|iPhone.Build.0 = Release|Any CPU
		{05A35CD7-DD38-4962-BF84-D132E4B90254}.Ad-Hoc|iPhone.Deploy.0 = Release|Any CPU
		{05A35CD7-DD38-4962-BF84-D132E4B90254}.Ad-Hoc|iPhoneSimulator.ActiveCfg = Release|Any CPU
		{05A35CD7-DD38-4962-BF84-D132E4B90254}.Ad-Hoc|iPhoneSimulator.Build.0 = Release|Any CPU
		{05A35CD7-DD38-4962-BF84-D132E4B90254}.Ad-Hoc|iPhoneSimulator.Deploy.0 = Release|Any CPU
		{05A35CD7-DD38-4962-BF84-D132E4B90254}.Ad-Hoc|x64.ActiveCfg = Release|Any CPU
		{05A35CD7-DD38-4962-BF84-D132E4B90254}.Ad-Hoc|x64.Build.0 = Release|Any CPU
		{05A35CD7-DD38-4962-BF84-D132E4B90254}.Ad-Hoc|x64.Deploy.0 = Release|Any CPU
		{05A35CD7-DD38-4962-BF84-D132E4B90254}.Ad-Hoc|x86.ActiveCfg = Release|Any CPU
		{05A35CD7-DD38-4962-BF84-D132E4B90254}.Ad-Hoc|x86.Build.0 = Release|Any CPU
		{05A35CD7-DD38-4962-BF84-D132E4B90254}.Ad-Hoc|x86.Deploy.0 = Release|Any CPU
		{05A35CD7-DD38-4962-BF84-D132E4B90254}.AppStore|Any CPU.ActiveCfg = Release|Any CPU
		{05A35CD7-DD38-4962-BF84-D132E4B90254}.AppStore|Any CPU.Build.0 = Release|Any CPU
		{05A35CD7-DD38-4962-BF84-D132E4B90254}.AppStore|Any CPU.Deploy.0 = Release|Any CPU
		{05A35CD7-DD38-4962-BF84-D132E4B90254}.AppStore|ARM.ActiveCfg = Release|Any CPU
		{05A35CD7-DD38-4962-BF84-D132E4B90254}.AppStore|ARM.Build.0 = Release|Any CPU
		{05A35CD7-DD38-4962-BF84-D132E4B90254}.AppStore|ARM.Deploy.0 = Release|Any CPU
		{05A35CD7-DD38-4962-BF84-D132E4B90254}.AppStore|iPhone.ActiveCfg = Release|Any CPU
		{05A35CD7-DD38-4962-BF84-D132E4B90254}.AppStore|iPhone.Build.0 = Release|Any CPU
		{05A35CD7-DD38-4962-BF84-D132E4B90254}.AppStore|iPhone.Deploy.0 = Release|Any CPU
		{05A35CD7-DD38-4962-BF84-D132E4B90254}.AppStore|iPhoneSimulator.ActiveCfg = Release|Any CPU
		{05A35CD7-DD38-4962-BF84-D132E4B90254}.AppStore|iPhoneSimulator.Build.0 = Release|Any CPU
		{05A35CD7-DD38-4962-BF84-D132E4B90254}.AppStore|iPhoneSimulator.Deploy.0 = Release|Any CPU
		{05A35CD7-DD38-4962-BF84-D132E4B90254}.AppStore|x64.ActiveCfg = Release|Any CPU
		{05A35CD7-DD38-4962-BF84-D132E4B90254}.AppStore|x64.Build.0 = Release|Any CPU
		{05A35CD7-DD38-4962-BF84-D132E4B90254}.AppStore|x64.Deploy.0 = Release|Any CPU
		{05A35CD7-DD38-4962-BF84-D132E4B90254}.AppStore|x86.ActiveCfg = Release|Any CPU
		{05A35CD7-DD38-4962-BF84-D132E4B90254}.AppStore|x86.Build.0 = Release|Any CPU
		{05A35CD7-DD38-4962-BF84-D132E4B90254}.AppStore|x86.Deploy.0 = Release|Any CPU
		{05A35CD7-DD38-4962-BF84-D132E4B90254}.Debug|Any CPU.ActiveCfg = Debug|Any CPU
		{05A35CD7-DD38-4962-BF84-D132E4B90254}.Debug|Any CPU.Build.0 = Debug|Any CPU
		{05A35CD7-DD38-4962-BF84-D132E4B90254}.Debug|Any CPU.Deploy.0 = Debug|Any CPU
		{05A35CD7-DD38-4962-BF84-D132E4B90254}.Debug|ARM.ActiveCfg = Debug|Any CPU
		{05A35CD7-DD38-4962-BF84-D132E4B90254}.Debug|ARM.Build.0 = Debug|Any CPU
		{05A35CD7-DD38-4962-BF84-D132E4B90254}.Debug|ARM.Deploy.0 = Debug|Any CPU
		{05A35CD7-DD38-4962-BF84-D132E4B90254}.Debug|iPhone.ActiveCfg = Debug|Any CPU
		{05A35CD7-DD38-4962-BF84-D132E4B90254}.Debug|iPhone.Build.0 = Debug|Any CPU
		{05A35CD7-DD38-4962-BF84-D132E4B90254}.Debug|iPhone.Deploy.0 = Debug|Any CPU
		{05A35CD7-DD38-4962-BF84-D132E4B90254}.Debug|iPhoneSimulator.ActiveCfg = Debug|Any CPU
		{05A35CD7-DD38-4962-BF84-D132E4B90254}.Debug|iPhoneSimulator.Build.0 = Debug|Any CPU
		{05A35CD7-DD38-4962-BF84-D132E4B90254}.Debug|iPhoneSimulator.Deploy.0 = Debug|Any CPU
		{05A35CD7-DD38-4962-BF84-D132E4B90254}.Debug|x64.ActiveCfg = Debug|Any CPU
		{05A35CD7-DD38-4962-BF84-D132E4B90254}.Debug|x64.Build.0 = Debug|Any CPU
		{05A35CD7-DD38-4962-BF84-D132E4B90254}.Debug|x64.Deploy.0 = Debug|Any CPU
		{05A35CD7-DD38-4962-BF84-D132E4B90254}.Debug|x86.ActiveCfg = Debug|Any CPU
		{05A35CD7-DD38-4962-BF84-D132E4B90254}.Debug|x86.Build.0 = Debug|Any CPU
		{05A35CD7-DD38-4962-BF84-D132E4B90254}.Debug|x86.Deploy.0 = Debug|Any CPU
		{05A35CD7-DD38-4962-BF84-D132E4B90254}.Release|Any CPU.ActiveCfg = Release|Any CPU
		{05A35CD7-DD38-4962-BF84-D132E4B90254}.Release|Any CPU.Build.0 = Release|Any CPU
		{05A35CD7-DD38-4962-BF84-D132E4B90254}.Release|Any CPU.Deploy.0 = Release|Any CPU
		{05A35CD7-DD38-4962-BF84-D132E4B90254}.Release|ARM.ActiveCfg = Release|Any CPU
		{05A35CD7-DD38-4962-BF84-D132E4B90254}.Release|ARM.Build.0 = Release|Any CPU
		{05A35CD7-DD38-4962-BF84-D132E4B90254}.Release|ARM.Deploy.0 = Release|Any CPU
		{05A35CD7-DD38-4962-BF84-D132E4B90254}.Release|iPhone.ActiveCfg = Release|Any CPU
		{05A35CD7-DD38-4962-BF84-D132E4B90254}.Release|iPhone.Build.0 = Release|Any CPU
		{05A35CD7-DD38-4962-BF84-D132E4B90254}.Release|iPhone.Deploy.0 = Release|Any CPU
		{05A35CD7-DD38-4962-BF84-D132E4B90254}.Release|iPhoneSimulator.ActiveCfg = Release|Any CPU
		{05A35CD7-DD38-4962-BF84-D132E4B90254}.Release|iPhoneSimulator.Build.0 = Release|Any CPU
		{05A35CD7-DD38-4962-BF84-D132E4B90254}.Release|iPhoneSimulator.Deploy.0 = Release|Any CPU
		{05A35CD7-DD38-4962-BF84-D132E4B90254}.Release|x64.ActiveCfg = Release|Any CPU
		{05A35CD7-DD38-4962-BF84-D132E4B90254}.Release|x64.Build.0 = Release|Any CPU
		{05A35CD7-DD38-4962-BF84-D132E4B90254}.Release|x64.Deploy.0 = Release|Any CPU
		{05A35CD7-DD38-4962-BF84-D132E4B90254}.Release|x86.ActiveCfg = Release|Any CPU
		{05A35CD7-DD38-4962-BF84-D132E4B90254}.Release|x86.Build.0 = Release|Any CPU
		{05A35CD7-DD38-4962-BF84-D132E4B90254}.Release|x86.Deploy.0 = Release|Any CPU
		{F194C06B-7D77-4DFA-8543-A58FD66C4ABB}.Ad-Hoc|Any CPU.ActiveCfg = Ad-Hoc|iPhone
		{F194C06B-7D77-4DFA-8543-A58FD66C4ABB}.Ad-Hoc|ARM.ActiveCfg = Ad-Hoc|iPhone
		{F194C06B-7D77-4DFA-8543-A58FD66C4ABB}.Ad-Hoc|iPhone.ActiveCfg = Ad-Hoc|iPhone
		{F194C06B-7D77-4DFA-8543-A58FD66C4ABB}.Ad-Hoc|iPhone.Build.0 = Ad-Hoc|iPhone
		{F194C06B-7D77-4DFA-8543-A58FD66C4ABB}.Ad-Hoc|iPhoneSimulator.ActiveCfg = Ad-Hoc|iPhoneSimulator
		{F194C06B-7D77-4DFA-8543-A58FD66C4ABB}.Ad-Hoc|iPhoneSimulator.Build.0 = Ad-Hoc|iPhoneSimulator
		{F194C06B-7D77-4DFA-8543-A58FD66C4ABB}.Ad-Hoc|x64.ActiveCfg = Ad-Hoc|iPhone
		{F194C06B-7D77-4DFA-8543-A58FD66C4ABB}.Ad-Hoc|x86.ActiveCfg = Ad-Hoc|iPhone
		{F194C06B-7D77-4DFA-8543-A58FD66C4ABB}.AppStore|Any CPU.ActiveCfg = AppStore|iPhone
		{F194C06B-7D77-4DFA-8543-A58FD66C4ABB}.AppStore|ARM.ActiveCfg = AppStore|iPhone
		{F194C06B-7D77-4DFA-8543-A58FD66C4ABB}.AppStore|iPhone.ActiveCfg = AppStore|iPhone
		{F194C06B-7D77-4DFA-8543-A58FD66C4ABB}.AppStore|iPhone.Build.0 = AppStore|iPhone
		{F194C06B-7D77-4DFA-8543-A58FD66C4ABB}.AppStore|iPhoneSimulator.ActiveCfg = AppStore|iPhoneSimulator
		{F194C06B-7D77-4DFA-8543-A58FD66C4ABB}.AppStore|iPhoneSimulator.Build.0 = AppStore|iPhoneSimulator
		{F194C06B-7D77-4DFA-8543-A58FD66C4ABB}.AppStore|x64.ActiveCfg = AppStore|iPhone
		{F194C06B-7D77-4DFA-8543-A58FD66C4ABB}.AppStore|x86.ActiveCfg = AppStore|iPhone
		{F194C06B-7D77-4DFA-8543-A58FD66C4ABB}.Debug|Any CPU.ActiveCfg = Debug|iPhone
		{F194C06B-7D77-4DFA-8543-A58FD66C4ABB}.Debug|ARM.ActiveCfg = Debug|iPhone
		{F194C06B-7D77-4DFA-8543-A58FD66C4ABB}.Debug|iPhone.ActiveCfg = Debug|iPhone
		{F194C06B-7D77-4DFA-8543-A58FD66C4ABB}.Debug|iPhone.Build.0 = Debug|iPhone
		{F194C06B-7D77-4DFA-8543-A58FD66C4ABB}.Debug|iPhoneSimulator.ActiveCfg = Debug|iPhoneSimulator
		{F194C06B-7D77-4DFA-8543-A58FD66C4ABB}.Debug|iPhoneSimulator.Build.0 = Debug|iPhoneSimulator
		{F194C06B-7D77-4DFA-8543-A58FD66C4ABB}.Debug|x64.ActiveCfg = Debug|iPhone
		{F194C06B-7D77-4DFA-8543-A58FD66C4ABB}.Debug|x86.ActiveCfg = Debug|iPhone
		{F194C06B-7D77-4DFA-8543-A58FD66C4ABB}.Release|Any CPU.ActiveCfg = Release|iPhone
		{F194C06B-7D77-4DFA-8543-A58FD66C4ABB}.Release|ARM.ActiveCfg = Release|iPhone
		{F194C06B-7D77-4DFA-8543-A58FD66C4ABB}.Release|iPhone.ActiveCfg = Release|iPhone
		{F194C06B-7D77-4DFA-8543-A58FD66C4ABB}.Release|iPhone.Build.0 = Release|iPhone
		{F194C06B-7D77-4DFA-8543-A58FD66C4ABB}.Release|iPhoneSimulator.ActiveCfg = Release|iPhoneSimulator
		{F194C06B-7D77-4DFA-8543-A58FD66C4ABB}.Release|iPhoneSimulator.Build.0 = Release|iPhoneSimulator
		{F194C06B-7D77-4DFA-8543-A58FD66C4ABB}.Release|x64.ActiveCfg = Release|iPhone
		{F194C06B-7D77-4DFA-8543-A58FD66C4ABB}.Release|x86.ActiveCfg = Release|iPhone
		{D00823F4-F2E5-40DC-8E49-A25413039550}.Ad-Hoc|Any CPU.ActiveCfg = Release|x86
		{D00823F4-F2E5-40DC-8E49-A25413039550}.Ad-Hoc|Any CPU.Build.0 = Release|x86
		{D00823F4-F2E5-40DC-8E49-A25413039550}.Ad-Hoc|Any CPU.Deploy.0 = Release|x86
		{D00823F4-F2E5-40DC-8E49-A25413039550}.Ad-Hoc|ARM.ActiveCfg = Release|ARM
		{D00823F4-F2E5-40DC-8E49-A25413039550}.Ad-Hoc|ARM.Build.0 = Release|ARM
		{D00823F4-F2E5-40DC-8E49-A25413039550}.Ad-Hoc|ARM.Deploy.0 = Release|ARM
		{D00823F4-F2E5-40DC-8E49-A25413039550}.Ad-Hoc|iPhone.ActiveCfg = Release|x86
		{D00823F4-F2E5-40DC-8E49-A25413039550}.Ad-Hoc|iPhone.Build.0 = Release|x86
		{D00823F4-F2E5-40DC-8E49-A25413039550}.Ad-Hoc|iPhone.Deploy.0 = Release|x86
		{D00823F4-F2E5-40DC-8E49-A25413039550}.Ad-Hoc|iPhoneSimulator.ActiveCfg = Release|x86
		{D00823F4-F2E5-40DC-8E49-A25413039550}.Ad-Hoc|iPhoneSimulator.Build.0 = Release|x86
		{D00823F4-F2E5-40DC-8E49-A25413039550}.Ad-Hoc|iPhoneSimulator.Deploy.0 = Release|x86
		{D00823F4-F2E5-40DC-8E49-A25413039550}.Ad-Hoc|x64.ActiveCfg = Release|x64
		{D00823F4-F2E5-40DC-8E49-A25413039550}.Ad-Hoc|x64.Build.0 = Release|x64
		{D00823F4-F2E5-40DC-8E49-A25413039550}.Ad-Hoc|x64.Deploy.0 = Release|x64
		{D00823F4-F2E5-40DC-8E49-A25413039550}.Ad-Hoc|x86.ActiveCfg = Release|x86
		{D00823F4-F2E5-40DC-8E49-A25413039550}.Ad-Hoc|x86.Build.0 = Release|x86
		{D00823F4-F2E5-40DC-8E49-A25413039550}.Ad-Hoc|x86.Deploy.0 = Release|x86
		{D00823F4-F2E5-40DC-8E49-A25413039550}.AppStore|Any CPU.ActiveCfg = Release|x86
		{D00823F4-F2E5-40DC-8E49-A25413039550}.AppStore|Any CPU.Build.0 = Release|x86
		{D00823F4-F2E5-40DC-8E49-A25413039550}.AppStore|Any CPU.Deploy.0 = Release|x86
		{D00823F4-F2E5-40DC-8E49-A25413039550}.AppStore|ARM.ActiveCfg = Release|ARM
		{D00823F4-F2E5-40DC-8E49-A25413039550}.AppStore|ARM.Build.0 = Release|ARM
		{D00823F4-F2E5-40DC-8E49-A25413039550}.AppStore|ARM.Deploy.0 = Release|ARM
		{D00823F4-F2E5-40DC-8E49-A25413039550}.AppStore|iPhone.ActiveCfg = Release|x86
		{D00823F4-F2E5-40DC-8E49-A25413039550}.AppStore|iPhone.Build.0 = Release|x86
		{D00823F4-F2E5-40DC-8E49-A25413039550}.AppStore|iPhone.Deploy.0 = Release|x86
		{D00823F4-F2E5-40DC-8E49-A25413039550}.AppStore|iPhoneSimulator.ActiveCfg = Release|x86
		{D00823F4-F2E5-40DC-8E49-A25413039550}.AppStore|iPhoneSimulator.Build.0 = Release|x86
		{D00823F4-F2E5-40DC-8E49-A25413039550}.AppStore|iPhoneSimulator.Deploy.0 = Release|x86
		{D00823F4-F2E5-40DC-8E49-A25413039550}.AppStore|x64.ActiveCfg = Release|x64
		{D00823F4-F2E5-40DC-8E49-A25413039550}.AppStore|x64.Build.0 = Release|x64
		{D00823F4-F2E5-40DC-8E49-A25413039550}.AppStore|x64.Deploy.0 = Release|x64
		{D00823F4-F2E5-40DC-8E49-A25413039550}.AppStore|x86.ActiveCfg = Release|x86
		{D00823F4-F2E5-40DC-8E49-A25413039550}.AppStore|x86.Build.0 = Release|x86
		{D00823F4-F2E5-40DC-8E49-A25413039550}.AppStore|x86.Deploy.0 = Release|x86
		{D00823F4-F2E5-40DC-8E49-A25413039550}.Debug|Any CPU.ActiveCfg = Debug|x86
		{D00823F4-F2E5-40DC-8E49-A25413039550}.Debug|ARM.ActiveCfg = Debug|ARM
		{D00823F4-F2E5-40DC-8E49-A25413039550}.Debug|ARM.Build.0 = Debug|ARM
		{D00823F4-F2E5-40DC-8E49-A25413039550}.Debug|ARM.Deploy.0 = Debug|ARM
		{D00823F4-F2E5-40DC-8E49-A25413039550}.Debug|iPhone.ActiveCfg = Debug|x86
		{D00823F4-F2E5-40DC-8E49-A25413039550}.Debug|iPhoneSimulator.ActiveCfg = Debug|x86
		{D00823F4-F2E5-40DC-8E49-A25413039550}.Debug|x64.ActiveCfg = Debug|x64
		{D00823F4-F2E5-40DC-8E49-A25413039550}.Debug|x64.Build.0 = Debug|x64
		{D00823F4-F2E5-40DC-8E49-A25413039550}.Debug|x64.Deploy.0 = Debug|x64
		{D00823F4-F2E5-40DC-8E49-A25413039550}.Debug|x86.ActiveCfg = Debug|x86
		{D00823F4-F2E5-40DC-8E49-A25413039550}.Debug|x86.Build.0 = Debug|x86
		{D00823F4-F2E5-40DC-8E49-A25413039550}.Debug|x86.Deploy.0 = Debug|x86
		{D00823F4-F2E5-40DC-8E49-A25413039550}.Release|Any CPU.ActiveCfg = Release|x86
		{D00823F4-F2E5-40DC-8E49-A25413039550}.Release|ARM.ActiveCfg = Release|ARM
		{D00823F4-F2E5-40DC-8E49-A25413039550}.Release|ARM.Build.0 = Release|ARM
		{D00823F4-F2E5-40DC-8E49-A25413039550}.Release|ARM.Deploy.0 = Release|ARM
		{D00823F4-F2E5-40DC-8E49-A25413039550}.Release|iPhone.ActiveCfg = Release|x86
		{D00823F4-F2E5-40DC-8E49-A25413039550}.Release|iPhoneSimulator.ActiveCfg = Release|x86
		{D00823F4-F2E5-40DC-8E49-A25413039550}.Release|x64.ActiveCfg = Release|x64
		{D00823F4-F2E5-40DC-8E49-A25413039550}.Release|x64.Build.0 = Release|x64
		{D00823F4-F2E5-40DC-8E49-A25413039550}.Release|x64.Deploy.0 = Release|x64
		{D00823F4-F2E5-40DC-8E49-A25413039550}.Release|x86.ActiveCfg = Release|x86
		{D00823F4-F2E5-40DC-8E49-A25413039550}.Release|x86.Build.0 = Release|x86
		{D00823F4-F2E5-40DC-8E49-A25413039550}.Release|x86.Deploy.0 = Release|x86
		{E33809AA-8242-473D-894F-8748A963D51B}.Ad-Hoc|Any CPU.ActiveCfg = Debug|Any CPU
		{E33809AA-8242-473D-894F-8748A963D51B}.Ad-Hoc|Any CPU.Build.0 = Debug|Any CPU
		{E33809AA-8242-473D-894F-8748A963D51B}.Ad-Hoc|ARM.ActiveCfg = Debug|Any CPU
		{E33809AA-8242-473D-894F-8748A963D51B}.Ad-Hoc|ARM.Build.0 = Debug|Any CPU
		{E33809AA-8242-473D-894F-8748A963D51B}.Ad-Hoc|iPhone.ActiveCfg = Debug|Any CPU
		{E33809AA-8242-473D-894F-8748A963D51B}.Ad-Hoc|iPhone.Build.0 = Debug|Any CPU
		{E33809AA-8242-473D-894F-8748A963D51B}.Ad-Hoc|iPhoneSimulator.ActiveCfg = Debug|Any CPU
		{E33809AA-8242-473D-894F-8748A963D51B}.Ad-Hoc|iPhoneSimulator.Build.0 = Debug|Any CPU
		{E33809AA-8242-473D-894F-8748A963D51B}.Ad-Hoc|x64.ActiveCfg = Debug|Any CPU
		{E33809AA-8242-473D-894F-8748A963D51B}.Ad-Hoc|x64.Build.0 = Debug|Any CPU
		{E33809AA-8242-473D-894F-8748A963D51B}.Ad-Hoc|x86.ActiveCfg = Debug|Any CPU
		{E33809AA-8242-473D-894F-8748A963D51B}.Ad-Hoc|x86.Build.0 = Debug|Any CPU
		{E33809AA-8242-473D-894F-8748A963D51B}.AppStore|Any CPU.ActiveCfg = Debug|Any CPU
		{E33809AA-8242-473D-894F-8748A963D51B}.AppStore|Any CPU.Build.0 = Debug|Any CPU
		{E33809AA-8242-473D-894F-8748A963D51B}.AppStore|ARM.ActiveCfg = Debug|Any CPU
		{E33809AA-8242-473D-894F-8748A963D51B}.AppStore|ARM.Build.0 = Debug|Any CPU
		{E33809AA-8242-473D-894F-8748A963D51B}.AppStore|iPhone.ActiveCfg = Debug|Any CPU
		{E33809AA-8242-473D-894F-8748A963D51B}.AppStore|iPhone.Build.0 = Debug|Any CPU
		{E33809AA-8242-473D-894F-8748A963D51B}.AppStore|iPhoneSimulator.ActiveCfg = Debug|Any CPU
		{E33809AA-8242-473D-894F-8748A963D51B}.AppStore|iPhoneSimulator.Build.0 = Debug|Any CPU
		{E33809AA-8242-473D-894F-8748A963D51B}.AppStore|x64.ActiveCfg = Debug|Any CPU
		{E33809AA-8242-473D-894F-8748A963D51B}.AppStore|x64.Build.0 = Debug|Any CPU
		{E33809AA-8242-473D-894F-8748A963D51B}.AppStore|x86.ActiveCfg = Debug|Any CPU
		{E33809AA-8242-473D-894F-8748A963D51B}.AppStore|x86.Build.0 = Debug|Any CPU
		{E33809AA-8242-473D-894F-8748A963D51B}.Debug|Any CPU.ActiveCfg = Debug|Any CPU
		{E33809AA-8242-473D-894F-8748A963D51B}.Debug|Any CPU.Build.0 = Debug|Any CPU
		{E33809AA-8242-473D-894F-8748A963D51B}.Debug|ARM.ActiveCfg = Debug|Any CPU
		{E33809AA-8242-473D-894F-8748A963D51B}.Debug|ARM.Build.0 = Debug|Any CPU
		{E33809AA-8242-473D-894F-8748A963D51B}.Debug|iPhone.ActiveCfg = Debug|Any CPU
		{E33809AA-8242-473D-894F-8748A963D51B}.Debug|iPhone.Build.0 = Debug|Any CPU
		{E33809AA-8242-473D-894F-8748A963D51B}.Debug|iPhoneSimulator.ActiveCfg = Debug|Any CPU
		{E33809AA-8242-473D-894F-8748A963D51B}.Debug|iPhoneSimulator.Build.0 = Debug|Any CPU
		{E33809AA-8242-473D-894F-8748A963D51B}.Debug|x64.ActiveCfg = Debug|Any CPU
		{E33809AA-8242-473D-894F-8748A963D51B}.Debug|x64.Build.0 = Debug|Any CPU
		{E33809AA-8242-473D-894F-8748A963D51B}.Debug|x86.ActiveCfg = Debug|Any CPU
		{E33809AA-8242-473D-894F-8748A963D51B}.Debug|x86.Build.0 = Debug|Any CPU
		{E33809AA-8242-473D-894F-8748A963D51B}.Release|Any CPU.ActiveCfg = Release|Any CPU
		{E33809AA-8242-473D-894F-8748A963D51B}.Release|Any CPU.Build.0 = Release|Any CPU
		{E33809AA-8242-473D-894F-8748A963D51B}.Release|ARM.ActiveCfg = Release|Any CPU
		{E33809AA-8242-473D-894F-8748A963D51B}.Release|ARM.Build.0 = Release|Any CPU
		{E33809AA-8242-473D-894F-8748A963D51B}.Release|iPhone.ActiveCfg = Release|Any CPU
		{E33809AA-8242-473D-894F-8748A963D51B}.Release|iPhone.Build.0 = Release|Any CPU
		{E33809AA-8242-473D-894F-8748A963D51B}.Release|iPhoneSimulator.ActiveCfg = Release|Any CPU
		{E33809AA-8242-473D-894F-8748A963D51B}.Release|iPhoneSimulator.Build.0 = Release|Any CPU
		{E33809AA-8242-473D-894F-8748A963D51B}.Release|x64.ActiveCfg = Release|Any CPU
		{E33809AA-8242-473D-894F-8748A963D51B}.Release|x64.Build.0 = Release|Any CPU
		{E33809AA-8242-473D-894F-8748A963D51B}.Release|x86.ActiveCfg = Release|Any CPU
		{E33809AA-8242-473D-894F-8748A963D51B}.Release|x86.Build.0 = Release|Any CPU
	EndGlobalSection
	GlobalSection(SolutionProperties) = preSolution
		HideSolutionNode = FALSE
	EndGlobalSection
	GlobalSection(ExtensibilityGlobals) = postSolution
		SolutionGuid = {6BBB450A-B6EF-47D8-B089-D00EADC9EB58}
	EndGlobalSection
EndGlobal
